# THIS IS AN AUTOGENERATED FILE. DO NOT EDIT THIS FILE DIRECTLY.
# yarn lockfile v1


deep-proxy@^0.1.0:
  version "0.1.0"
  resolved "https://registry.yarnpkg.com/deep-proxy/-/deep-proxy-0.1.0.tgz#c0f7222de788750a20606a7a441160b787471d48"

ramda@^0.22.1:
  version "0.22.1"
  resolved "https://registry.yarnpkg.com/ramda/-/ramda-0.22.1.tgz#031da0c3df417c5b33c96234757eb37033f36a0e"
